
Microsoft Visual Studio Solution File, Format Version 12.00
# Visual Studio Version 17
VisualStudioVersion = 17.9.34622.214
MinimumVisualStudioVersion = 10.0.40219.1
Project("{FAE04EC0-301F-11D3-BF4B-00C04F79EFBC}") = "Estoque_Concecionaria", "Estoque_Concecionaria.csproj", "{48628D9B-4BC0-4727-877A-E795CB810672}"
EndProject
Global
	GlobalSection(SolutionConfigurationPlatforms) = preSolution
		Debug|Any CPU = Debug|Any CPU
		Release|Any CPU = Release|Any CPU
	EndGlobalSection
	GlobalSection(ProjectConfigurationPlatforms) = postSolution
		{48628D9B-4BC0-4727-877A-E795CB810672}.Debug|Any CPU.ActiveCfg = Debug|Any CPU
		{48628D9B-4BC0-4727-877A-E795CB810672}.Debug|Any CPU.Build.0 = Debug|Any CPU
		{48628D9B-4BC0-4727-877A-E795CB810672}.Release|Any CPU.ActiveCfg = Release|Any CPU
		{48628D9B-4BC0-4727-877A-E795CB810672}.Release|Any CPU.Build.0 = Release|Any CPU
	EndGlobalSection
	GlobalSection(SolutionProperties) = preSolution
		HideSolutionNode = FALSE
	EndGlobalSection
	GlobalSection(ExtensibilityGlobals) = postSolution
		SolutionGuid = {691119BB-0E1E-43C6-AA16-598584E79540}
	EndGlobalSection
EndGlobal
