
Microsoft Visual Studio Solution File, Format Version 12.00
# Visual Studio Version 17
VisualStudioVersion = 17.5.002.0
MinimumVisualStudioVersion = 10.0.40219.1
Project("{9A19103F-16F7-4668-BE54-9A1E7A4F7556}") = "Atividade Avaliativa Final", "Atividade Avaliativa Final.csproj", "{C330E3E4-8BEE-4D7F-B050-68D2C69D55DD}"
EndProject
Global
	GlobalSection(SolutionConfigurationPlatforms) = preSolution
		Debug|Any CPU = Debug|Any CPU
		Release|Any CPU = Release|Any CPU
	EndGlobalSection
	GlobalSection(ProjectConfigurationPlatforms) = postSolution
		{C330E3E4-8BEE-4D7F-B050-68D2C69D55DD}.Debug|Any CPU.ActiveCfg = Debug|Any CPU
		{C330E3E4-8BEE-4D7F-B050-68D2C69D55DD}.Debug|Any CPU.Build.0 = Debug|Any CPU
		{C330E3E4-8BEE-4D7F-B050-68D2C69D55DD}.Release|Any CPU.ActiveCfg = Release|Any CPU
		{C330E3E4-8BEE-4D7F-B050-68D2C69D55DD}.Release|Any CPU.Build.0 = Release|Any CPU
	EndGlobalSection
	GlobalSection(SolutionProperties) = preSolution
		HideSolutionNode = FALSE
	EndGlobalSection
	GlobalSection(ExtensibilityGlobals) = postSolution
		SolutionGuid = {63F1F4F9-CB77-43FC-A383-7EDCD906902F}
	EndGlobalSection
EndGlobal
